
Microsoft Visual Studio Solution File, Format Version 12.00
# Visual Studio Version 16
VisualStudioVersion = 16.0.29509.3
MinimumVisualStudioVersion = 10.0.40219.1
Project("{FAE04EC0-301F-11D3-BF4B-00C04F79EFBC}") = "Group_5_Hospital_Project", "Group_5_Hospital_Project\Group_5_Hospital_Project.csproj", "{7389958D-DA67-41C1-A68B-100CCBBB62BF}"
EndProject
Global
	GlobalSection(SolutionConfigurationPlatforms) = preSolution
		Debug|Any CPU = Debug|Any CPU
		Release|Any CPU = Release|Any CPU
	EndGlobalSection
	GlobalSection(ProjectConfigurationPlatforms) = postSolution
		{7389958D-DA67-41C1-A68B-100CCBBB62BF}.Debug|Any CPU.ActiveCfg = Debug|Any CPU
		{7389958D-DA67-41C1-A68B-100CCBBB62BF}.Debug|Any CPU.Build.0 = Debug|Any CPU
		{7389958D-DA67-41C1-A68B-100CCBBB62BF}.Release|Any CPU.ActiveCfg = Release|Any CPU
		{7389958D-DA67-41C1-A68B-100CCBBB62BF}.Release|Any CPU.Build.0 = Release|Any CPU
	EndGlobalSection
	GlobalSection(SolutionProperties) = preSolution
		HideSolutionNode = FALSE
	EndGlobalSection
	GlobalSection(ExtensibilityGlobals) = postSolution
		SolutionGuid = {DF2DFF1E-FE8A-4BE9-A986-7DDF1715F90F}
	EndGlobalSection
EndGlobal
